
Microsoft Visual Studio Solution File, Format Version 12.00
# Visual Studio Version 17
VisualStudioVersion = 17.9.34607.119
MinimumVisualStudioVersion = 10.0.40219.1
Project("{9A19103F-16F7-4668-BE54-9A1E7A4F7556}") = "KampIntro", "KampIntro\KampIntro.csproj", "{716D06BF-64EB-40FF-B4AE-5B26518631C5}"
EndProject
Project("{9A19103F-16F7-4668-BE54-9A1E7A4F7556}") = "Donguler", "ConsoleApp1\Donguler.csproj", "{36B07A82-9232-423E-A925-6A578CCB27F5}"
EndProject
Project("{9A19103F-16F7-4668-BE54-9A1E7A4F7556}") = "myLearning", "myLearning\myLearning.csproj", "{24FD0FC0-E715-41EA-BA41-C7FE726E68EA}"
EndProject
Project("{9A19103F-16F7-4668-BE54-9A1E7A4F7556}") = "ClassIntro", "ClassIntro\ClassIntro.csproj", "{E3C48F99-AB32-40D3-995A-4BB94BADA7A5}"
EndProject
Project("{9A19103F-16F7-4668-BE54-9A1E7A4F7556}") = "Methods", "Methods\Methods.csproj", "{93DDFF34-6419-4678-9123-D338039624CC}"
EndProject
Project("{9A19103F-16F7-4668-BE54-9A1E7A4F7556}") = "Maths", "Maths\Maths.csproj", "{758A1E41-5148-4ECD-A4EF-678C08480557}"
EndProject
Project("{FAE04EC0-301F-11D3-BF4B-00C04F79EFBC}") = "ValueAndReferenceTypes", "ValueAndReferenceTypes\ValueAndReferenceTypes.csproj", "{0D60028E-698D-488C-91C9-01ED89EB7638}"
EndProject
Global
	GlobalSection(SolutionConfigurationPlatforms) = preSolution
		Debug|Any CPU = Debug|Any CPU
		Release|Any CPU = Release|Any CPU
	EndGlobalSection
	GlobalSection(ProjectConfigurationPlatforms) = postSolution
		{716D06BF-64EB-40FF-B4AE-5B26518631C5}.Debug|Any CPU.ActiveCfg = Debug|Any CPU
		{716D06BF-64EB-40FF-B4AE-5B26518631C5}.Debug|Any CPU.Build.0 = Debug|Any CPU
		{716D06BF-64EB-40FF-B4AE-5B26518631C5}.Release|Any CPU.ActiveCfg = Release|Any CPU
		{716D06BF-64EB-40FF-B4AE-5B26518631C5}.Release|Any CPU.Build.0 = Release|Any CPU
		{36B07A82-9232-423E-A925-6A578CCB27F5}.Debug|Any CPU.ActiveCfg = Debug|Any CPU
		{36B07A82-9232-423E-A925-6A578CCB27F5}.Debug|Any CPU.Build.0 = Debug|Any CPU
		{36B07A82-9232-423E-A925-6A578CCB27F5}.Release|Any CPU.ActiveCfg = Release|Any CPU
		{36B07A82-9232-423E-A925-6A578CCB27F5}.Release|Any CPU.Build.0 = Release|Any CPU
		{24FD0FC0-E715-41EA-BA41-C7FE726E68EA}.Debug|Any CPU.ActiveCfg = Debug|Any CPU
		{24FD0FC0-E715-41EA-BA41-C7FE726E68EA}.Debug|Any CPU.Build.0 = Debug|Any CPU
		{24FD0FC0-E715-41EA-BA41-C7FE726E68EA}.Release|Any CPU.ActiveCfg = Release|Any CPU
		{24FD0FC0-E715-41EA-BA41-C7FE726E68EA}.Release|Any CPU.Build.0 = Release|Any CPU
		{E3C48F99-AB32-40D3-995A-4BB94BADA7A5}.Debug|Any CPU.ActiveCfg = Debug|Any CPU
		{E3C48F99-AB32-40D3-995A-4BB94BADA7A5}.Debug|Any CPU.Build.0 = Debug|Any CPU
		{E3C48F99-AB32-40D3-995A-4BB94BADA7A5}.Release|Any CPU.ActiveCfg = Release|Any CPU
		{E3C48F99-AB32-40D3-995A-4BB94BADA7A5}.Release|Any CPU.Build.0 = Release|Any CPU
		{93DDFF34-6419-4678-9123-D338039624CC}.Debug|Any CPU.ActiveCfg = Debug|Any CPU
		{93DDFF34-6419-4678-9123-D338039624CC}.Debug|Any CPU.Build.0 = Debug|Any CPU
		{93DDFF34-6419-4678-9123-D338039624CC}.Release|Any CPU.ActiveCfg = Release|Any CPU
		{93DDFF34-6419-4678-9123-D338039624CC}.Release|Any CPU.Build.0 = Release|Any CPU
		{758A1E41-5148-4ECD-A4EF-678C08480557}.Debug|Any CPU.ActiveCfg = Debug|Any CPU
		{758A1E41-5148-4ECD-A4EF-678C08480557}.Debug|Any CPU.Build.0 = Debug|Any CPU
		{758A1E41-5148-4ECD-A4EF-678C08480557}.Release|Any CPU.ActiveCfg = Release|Any CPU
		{758A1E41-5148-4ECD-A4EF-678C08480557}.Release|Any CPU.Build.0 = Release|Any CPU
		{0D60028E-698D-488C-91C9-01ED89EB7638}.Debug|Any CPU.ActiveCfg = Debug|Any CPU
		{0D60028E-698D-488C-91C9-01ED89EB7638}.Debug|Any CPU.Build.0 = Debug|Any CPU
		{0D60028E-698D-488C-91C9-01ED89EB7638}.Release|Any CPU.ActiveCfg = Release|Any CPU
		{0D60028E-698D-488C-91C9-01ED89EB7638}.Release|Any CPU.Build.0 = Release|Any CPU
	EndGlobalSection
	GlobalSection(SolutionProperties) = preSolution
		HideSolutionNode = FALSE
	EndGlobalSection
	GlobalSection(ExtensibilityGlobals) = postSolution
		SolutionGuid = {3E0ADDCA-7FC6-4481-8A3B-C9965ECA3941}
	EndGlobalSection
EndGlobal
